
Microsoft Visual Studio Solution File, Format Version 12.00
# Visual Studio Version 17
VisualStudioVersion = 17.3.32922.545
MinimumVisualStudioVersion = 10.0.40219.1
Project("{FAE04EC0-301F-11D3-BF4B-00C04F79EFBC}") = "CardinalitySorting", "CardinalitySorting\CardinalitySorting.csproj", "{B7FD0A20-D7D3-44AC-A4DF-BA5C505D6270}"
EndProject
Project("{FAE04EC0-301F-11D3-BF4B-00C04F79EFBC}") = "AncestralNames", "AncestralNames\AncestralNames.csproj", "{EACB6B56-8612-41A0-9702-F70A6A932E6A}"
EndProject
Project("{FAE04EC0-301F-11D3-BF4B-00C04F79EFBC}") = "DoTheyBelong", "DoTheyBelong\DoTheyBelong.csproj", "{A3107877-1B70-4BED-8893-B8F8FB69CEFD}"
EndProject
Global
	GlobalSection(SolutionConfigurationPlatforms) = preSolution
		Debug|Any CPU = Debug|Any CPU
		Release|Any CPU = Release|Any CPU
	EndGlobalSection
	GlobalSection(ProjectConfigurationPlatforms) = postSolution
		{B7FD0A20-D7D3-44AC-A4DF-BA5C505D6270}.Debug|Any CPU.ActiveCfg = Debug|Any CPU
		{B7FD0A20-D7D3-44AC-A4DF-BA5C505D6270}.Debug|Any CPU.Build.0 = Debug|Any CPU
		{B7FD0A20-D7D3-44AC-A4DF-BA5C505D6270}.Release|Any CPU.ActiveCfg = Release|Any CPU
		{B7FD0A20-D7D3-44AC-A4DF-BA5C505D6270}.Release|Any CPU.Build.0 = Release|Any CPU
		{EACB6B56-8612-41A0-9702-F70A6A932E6A}.Debug|Any CPU.ActiveCfg = Debug|Any CPU
		{EACB6B56-8612-41A0-9702-F70A6A932E6A}.Debug|Any CPU.Build.0 = Debug|Any CPU
		{EACB6B56-8612-41A0-9702-F70A6A932E6A}.Release|Any CPU.ActiveCfg = Release|Any CPU
		{EACB6B56-8612-41A0-9702-F70A6A932E6A}.Release|Any CPU.Build.0 = Release|Any CPU
		{A3107877-1B70-4BED-8893-B8F8FB69CEFD}.Debug|Any CPU.ActiveCfg = Debug|Any CPU
		{A3107877-1B70-4BED-8893-B8F8FB69CEFD}.Debug|Any CPU.Build.0 = Debug|Any CPU
		{A3107877-1B70-4BED-8893-B8F8FB69CEFD}.Release|Any CPU.ActiveCfg = Release|Any CPU
		{A3107877-1B70-4BED-8893-B8F8FB69CEFD}.Release|Any CPU.Build.0 = Release|Any CPU
	EndGlobalSection
	GlobalSection(SolutionProperties) = preSolution
		HideSolutionNode = FALSE
	EndGlobalSection
	GlobalSection(ExtensibilityGlobals) = postSolution
		SolutionGuid = {2A2779CD-327A-4E71-B06E-FBA77456D761}
	EndGlobalSection
EndGlobal
